github.com/jenska/m68kasm v1.2.0 h1:dbAKw6zsKuX8FJv/D4qTrNQ63/xIwFCiUCn0Onfg/bk=
github.com/jenska/m68kasm v1.2.0/go.mod h1:i2eQYMVrrnIGbMvRQ3UHYL225K9+yNBlygIIkvOsM5c=
github.com/jenska/m68kasm v1.2.1 h1:/yNFqI8Pkuku4X8zeWshihOWnNjSCOjr8XWHRBjSvuk=
github.com/jenska/m68kasm v1.2.1/go.mod h1:i2eQYMVrrnIGbMvRQ3UHYL225K9+yNBlygIIkvOsM5c=
